<?xml version="1.0" encoding="utf-8"?>
<Project ToolsVersion="4.0" xmlns="http://schemas.microsoft.com/developer/msbuild/2003">
  <ItemGroup>
    <Filter Include="Source Files">
      <UniqueIdentifier>{4FC737F1-C7A5-4376-A066-2A32D752A2FF}</UniqueIdentifier>
      <Extensions>cpp;c;cc;cxx;def;odl;idl;hpj;bat;asm;asmx</Extensions>
    </Filter>
    <Filter Include="Header Files">
      <UniqueIdentifier>{93995380-89BD-4b04-88EB-625FBE52EBFB}</UniqueIdentifier>
      <Extensions>h;hh;hpp;hxx;hm;inl;inc;ipp;xsd</Extensions>
    </Filter>
    <Filter Include="Resource Files">
      <UniqueIdentifier>{67DA6AB6-F800-4c08-8B7A-83BB121AAD01}</UniqueIdentifier>
      <Extensions>rc;ico;cur;bmp;dlg;rc2;rct;bin;rgs;gif;jpg;jpeg;jpe;resx;tiff;tif;png;wav;mfcribbon-ms</Extensions>
    </Filter>
  </ItemGroup>
  <ItemGroup>
    <ClInclude Include="include\Abreviaturas.h">
      <Filter>Header Files</Filter>
    </ClInclude>
    <ClInclude Include="include\Aventura.h">
      <Filter>Header Files</Filter>
    </ClInclude>
    <ClInclude Include="include\Caracteres.h">
      <Filter>Header Files</Filter>
    </ClInclude>
    <ClInclude Include="include\Condacto.h">
      <Filter>Header Files</Filter>
    </ClInclude>
    <ClInclude Include="include\Conexiones.h">
      <Filter>Header Files</Filter>
    </ClInclude>
    <ClInclude Include="include\Defaults.h">
      <Filter>Header Files</Filter>
    </ClInclude>
    <ClInclude Include="include\defines.h">
      <Filter>Header Files</Filter>
    </ClInclude>
    <ClInclude Include="include\EntradaProcesos.h">
      <Filter>Header Files</Filter>
    </ClInclude>
    <ClInclude Include="include\Excepcion.h">
      <Filter>Header Files</Filter>
    </ClInclude>
    <ClInclude Include="include\Fichero.h">
      <Filter>Header Files</Filter>
    </ClInclude>
    <ClInclude Include="include\Graficos.h">
      <Filter>Header Files</Filter>
    </ClInclude>
    <ClInclude Include="include\ListaEntradasVolcadas.h">
      <Filter>Header Files</Filter>
    </ClInclude>
    <ClInclude Include="include\ListaProcesos.h">
      <Filter>Header Files</Filter>
    </ClInclude>
    <ClInclude Include="include\ListaSimple.h">
      <Filter>Header Files</Filter>
    </ClInclude>
    <ClInclude Include="include\ListaSimpleImpl.h">
      <Filter>Header Files</Filter>
    </ClInclude>
    <ClInclude Include="include\MsgAplicacion.h">
      <Filter>Header Files</Filter>
    </ClInclude>
    <ClInclude Include="include\PawCondacts.h">
      <Filter>Header Files</Filter>
    </ClInclude>
    <ClInclude Include="include\PawPart.h">
      <Filter>Header Files</Filter>
    </ClInclude>
    <ClInclude Include="include\Proceso.h">
      <Filter>Header Files</Filter>
    </ClInclude>
    <ClInclude Include="include\SpBuffer.h">
      <Filter>Header Files</Filter>
    </ClInclude>
    <ClInclude Include="include\Textos.h">
      <Filter>Header Files</Filter>
    </ClInclude>
    <ClInclude Include="include\Tokeniser.h">
      <Filter>Header Files</Filter>
    </ClInclude>
    <ClInclude Include="include\UtilTexto.h">
      <Filter>Header Files</Filter>
    </ClInclude>
    <ClInclude Include="include\Vocabulario.h">
      <Filter>Header Files</Filter>
    </ClInclude>
    <ClInclude Include="include\prep\Diccionario.h">
      <Filter>Header Files</Filter>
    </ClInclude>
    <ClInclude Include="include\prep\Error.h">
      <Filter>Header Files</Filter>
    </ClInclude>
    <ClInclude Include="include\prep\MsgPrep.h">
      <Filter>Header Files</Filter>
    </ClInclude>
    <ClInclude Include="include\prep\Pool.h">
      <Filter>Header Files</Filter>
    </ClInclude>
    <ClInclude Include="include\prep\PrepAbreviable.h">
      <Filter>Header Files</Filter>
    </ClInclude>
    <ClInclude Include="include\prep\PrepAbreviaturas.h">
      <Filter>Header Files</Filter>
    </ClInclude>
    <ClInclude Include="include\prep\PrepConstantes.h">
      <Filter>Header Files</Filter>
    </ClInclude>
    <ClInclude Include="include\prep\PrepDefaults.h">
      <Filter>Header Files</Filter>
    </ClInclude>
    <ClInclude Include="include\prep\PrepEntradaMultiple.h">
      <Filter>Header Files</Filter>
    </ClInclude>
    <ClInclude Include="include\prep\PrepFlags.h">
      <Filter>Header Files</Filter>
    </ClInclude>
    <ClInclude Include="include\prep\PrepListaDatos.h">
      <Filter>Header Files</Filter>
    </ClInclude>
    <ClInclude Include="include\prep\PrepListaMensajes.h">
      <Filter>Header Files</Filter>
    </ClInclude>
    <ClInclude Include="include\prep\PrepLocalidades.h">
      <Filter>Header Files</Filter>
    </ClInclude>
    <ClInclude Include="include\prep\PrepObjetos.h">
      <Filter>Header Files</Filter>
    </ClInclude>
    <ClInclude Include="include\prep\PrepPart.h">
      <Filter>Header Files</Filter>
    </ClInclude>
    <ClInclude Include="include\prep\PrepProcesos.h">
      <Filter>Header Files</Filter>
    </ClInclude>
    <ClInclude Include="include\prep\Preprocesador.h">
      <Filter>Header Files</Filter>
    </ClInclude>
    <ClInclude Include="include\prep\PrepSubChar.h">
      <Filter>Header Files</Filter>
    </ClInclude>
    <ClInclude Include="include\prep\PrepTokeniser.h">
      <Filter>Header Files</Filter>
    </ClInclude>
    <ClInclude Include="include\prep\PrepUtilTexto.h">
      <Filter>Header Files</Filter>
    </ClInclude>
    <ClInclude Include="include\prep\PrepVocabulario.h">
      <Filter>Header Files</Filter>
    </ClInclude>
  </ItemGroup>
  <ItemGroup>
    <ClCompile Include="Abreviaturas.cpp">
      <Filter>Source Files</Filter>
    </ClCompile>
    <ClCompile Include="Aventura.cpp">
      <Filter>Source Files</Filter>
    </ClCompile>
    <ClCompile Include="Caracteres.cpp">
      <Filter>Source Files</Filter>
    </ClCompile>
    <ClCompile Include="Condacto.cpp">
      <Filter>Source Files</Filter>
    </ClCompile>
    <ClCompile Include="Conexiones.cpp">
      <Filter>Source Files</Filter>
    </ClCompile>
    <ClCompile Include="Defaults.cpp">
      <Filter>Source Files</Filter>
    </ClCompile>
    <ClCompile Include="EntradaProcesos.cpp">
      <Filter>Source Files</Filter>
    </ClCompile>
    <ClCompile Include="Excepcion.cpp">
      <Filter>Source Files</Filter>
    </ClCompile>
    <ClCompile Include="Fichero.cpp">
      <Filter>Source Files</Filter>
    </ClCompile>
    <ClCompile Include="Graficos.cpp">
      <Filter>Source Files</Filter>
    </ClCompile>
    <ClCompile Include="ListaEntradasVolcadas.cpp">
      <Filter>Source Files</Filter>
    </ClCompile>
    <ClCompile Include="ListaProcesos.cpp">
      <Filter>Source Files</Filter>
    </ClCompile>
    <ClCompile Include="ListaSimple.cpp">
      <Filter>Source Files</Filter>
    </ClCompile>
    <ClCompile Include="main.cpp">
      <Filter>Source Files</Filter>
    </ClCompile>
    <ClCompile Include="PawCondacts.cpp">
      <Filter>Source Files</Filter>
    </ClCompile>
    <ClCompile Include="PawPart.cpp">
      <Filter>Source Files</Filter>
    </ClCompile>
    <ClCompile Include="Proceso.cpp">
      <Filter>Source Files</Filter>
    </ClCompile>
    <ClCompile Include="SpBuffer.cpp">
      <Filter>Source Files</Filter>
    </ClCompile>
    <ClCompile Include="Textos.cpp">
      <Filter>Source Files</Filter>
    </ClCompile>
    <ClCompile Include="Tokeniser.cpp">
      <Filter>Source Files</Filter>
    </ClCompile>
    <ClCompile Include="UtilTexto.cpp">
      <Filter>Source Files</Filter>
    </ClCompile>
    <ClCompile Include="Vocabulario.cpp">
      <Filter>Source Files</Filter>
    </ClCompile>
    <ClCompile Include="prep\Diccionario.cpp">
      <Filter>Source Files</Filter>
    </ClCompile>
    <ClCompile Include="prep\Error.cpp">
      <Filter>Source Files</Filter>
    </ClCompile>
    <ClCompile Include="prep\Pool.cpp">
      <Filter>Source Files</Filter>
    </ClCompile>
    <ClCompile Include="prep\PrepAbreviable.cpp">
      <Filter>Source Files</Filter>
    </ClCompile>
    <ClCompile Include="prep\PrepAbreviaturas.cpp">
      <Filter>Source Files</Filter>
    </ClCompile>
    <ClCompile Include="prep\PrepConstantes.cpp">
      <Filter>Source Files</Filter>
    </ClCompile>
    <ClCompile Include="prep\PrepDefaults.cpp">
      <Filter>Source Files</Filter>
    </ClCompile>
    <ClCompile Include="prep\PrepEntradaMultiple.cpp">
      <Filter>Source Files</Filter>
    </ClCompile>
    <ClCompile Include="prep\PrepFlags.cpp">
      <Filter>Source Files</Filter>
    </ClCompile>
    <ClCompile Include="prep\PrepListaDatos.cpp">
      <Filter>Source Files</Filter>
    </ClCompile>
    <ClCompile Include="prep\PrepListaMensajes.cpp">
      <Filter>Source Files</Filter>
    </ClCompile>
    <ClCompile Include="prep\PrepLocalidades.cpp">
      <Filter>Source Files</Filter>
    </ClCompile>
    <ClCompile Include="prep\PrepObjetos.cpp">
      <Filter>Source Files</Filter>
    </ClCompile>
    <ClCompile Include="prep\PrepPart.cpp">
      <Filter>Source Files</Filter>
    </ClCompile>
    <ClCompile Include="prep\PrepProcesos.cpp">
      <Filter>Source Files</Filter>
    </ClCompile>
    <ClCompile Include="prep\Preprocesador.cpp">
      <Filter>Source Files</Filter>
    </ClCompile>
    <ClCompile Include="prep\PrepSubChar.cpp">
      <Filter>Source Files</Filter>
    </ClCompile>
    <ClCompile Include="prep\PrepTokeniser.cpp">
      <Filter>Source Files</Filter>
    </ClCompile>
    <ClCompile Include="prep\PrepUtilTexto.cpp">
      <Filter>Source Files</Filter>
    </ClCompile>
    <ClCompile Include="prep\PrepVocabulario.cpp">
      <Filter>Source Files</Filter>
    </ClCompile>
  </ItemGroup>
</Project>